// !$*UTF8*$!
{
	archiveVersion = 1;
	classes = {
	};
	objectVersion = 77;
	objects = {

/* Begin PBXBuildFile section */
		E45585482DE4FC2500D66640 /* Documentation.docc in Sources */ = {isa = PBXBuildFile; fileRef = E45585472DE4FC2500D66640 /* Documentation.docc */; };
/* End PBXBuildFile section */

/* Begin PBXContainerItemProxy section */
		33853A092DC23DB10087512B /* PBXContainerItemProxy */ = {
			isa = PBXContainerItemProxy;
			containerPortal = 338539F12DC23DAD0087512B /* Project object */;
			proxyType = 1;
			remoteGlobalIDString = 338539F82DC23DAD0087512B;
			remoteInfo = Termeet;
		};
		33853A132DC23DB20087512B /* PBXContainerItemProxy */ = {
			isa = PBXContainerItemProxy;
			containerPortal = 338539F12DC23DAD0087512B /* Project object */;
			proxyType = 1;
			remoteGlobalIDString = 338539F82DC23DAD0087512B;
			remoteInfo = Termeet;
		};
/* End PBXContainerItemProxy section */

/* Begin PBXFileReference section */
		338539F92DC23DAD0087512B /* Termeet.app */ = {isa = PBXFileReference; explicitFileType = wrapper.application; includeInIndex = 0; path = Termeet.app; sourceTree = BUILT_PRODUCTS_DIR; };
		33853A082DC23DB10087512B /* TermeetTests.xctest */ = {isa = PBXFileReference; explicitFileType = wrapper.cfbundle; includeInIndex = 0; path = TermeetTests.xctest; sourceTree = BUILT_PRODUCTS_DIR; };
		33853A122DC23DB20087512B /* TermeetUITests.xctest */ = {isa = PBXFileReference; explicitFileType = wrapper.cfbundle; includeInIndex = 0; path = TermeetUITests.xctest; sourceTree = BUILT_PRODUCTS_DIR; };
		E45585472DE4FC2500D66640 /* Documentation.docc */ = {isa = PBXFileReference; lastKnownFileType = folder.documentationcatalog; path = Documentation.docc; sourceTree = "<group>"; };
/* End PBXFileReference section */

/* Begin PBXFileSystemSynchronizedRootGroup section */
		338539FB2DC23DAD0087512B /* Termeet */ = {
			isa = PBXFileSystemSynchronizedRootGroup;
			path = Termeet;
			sourceTree = "<group>";
		};
		33853A0B2DC23DB10087512B /* TermeetTests */ = {
			isa = PBXFileSystemSynchronizedRootGroup;
			path = TermeetTests;
			sourceTree = "<group>";
		};
		33853A152DC23DB20087512B /* TermeetUITests */ = {
			isa = PBXFileSystemSynchronizedRootGroup;
			path = TermeetUITests;
			sourceTree = "<group>";
		};
/* End PBXFileSystemSynchronizedRootGroup section */

/* Begin PBXFrameworksBuildPhase section */
		338539F62DC23DAD0087512B /* Frameworks */ = {
			isa = PBXFrameworksBuildPhase;
			buildActionMask = 2147483647;
			files = (
			);
			runOnlyForDeploymentPostprocessing = 0;
		};
		33853A052DC23DB10087512B /* Frameworks */ = {
			isa = PBXFrameworksBuildPhase;
			buildActionMask = 2147483647;
			files = (
			);
			runOnlyForDeploymentPostprocessing = 0;
		};
		33853A0F2DC23DB20087512B /* Frameworks */ = {
			isa = PBXFrameworksBuildPhase;
			buildActionMask = 2147483647;
			files = (
			);
			runOnlyForDeploymentPostprocessing = 0;
		};
/* End PBXFrameworksBuildPhase section */

/* Begin PBXGroup section */
		338539F02DC23DAD0087512B = {
			isa = PBXGroup;
			children = (
				E45585472DE4FC2500D66640 /* Documentation.docc */,
				338539FB2DC23DAD0087512B /* Termeet */,
				33853A0B2DC23DB10087512B /* TermeetTests */,
				33853A152DC23DB20087512B /* TermeetUITests */,
				338539FA2DC23DAD0087512B /* Products */,
			);
			sourceTree = "<group>";
		};
		338539FA2DC23DAD0087512B /* Products */ = {
			isa = PBXGroup;
			children = (
				338539F92DC23DAD0087512B /* Termeet.app */,
				33853A082DC23DB10087512B /* TermeetTests.xctest */,
				33853A122DC23DB20087512B /* TermeetUITests.xctest */,
			);
			name = Products;
			sourceTree = "<group>";
		};
/* End PBXGroup section */

/* Begin PBXNativeTarget section */
		338539F82DC23DAD0087512B /* Termeet */ = {
			isa = PBXNativeTarget;
			buildConfigurationList = 33853A1C2DC23DB20087512B /* Build configuration list for PBXNativeTarget "Termeet" */;
			buildPhases = (
				338539F52DC23DAD0087512B /* Sources */,
				338539F62DC23DAD0087512B /* Frameworks */,
				338539F72DC23DAD0087512B /* Resources */,
				33A50AB22DC2535900C7EC9F /* ShellScript */,
			);
			buildRules = (
			);
			dependencies = (
			);
			fileSystemSynchronizedGroups = (
				338539FB2DC23DAD0087512B /* Termeet */,
			);
			name = Termeet;
			packageProductDependencies = (
			);
			productName = Termeet;
			productReference = 338539F92DC23DAD0087512B /* Termeet.app */;
			productType = "com.apple.product-type.application";
		};
		33853A072DC23DB10087512B /* TermeetTests */ = {
			isa = PBXNativeTarget;
			buildConfigurationList = 33853A1F2DC23DB20087512B /* Build configuration list for PBXNativeTarget "TermeetTests" */;
			buildPhases = (
				33853A042DC23DB10087512B /* Sources */,
				33853A052DC23DB10087512B /* Frameworks */,
				33853A062DC23DB10087512B /* Resources */,
			);
			buildRules = (
			);
			dependencies = (
				33853A0A2DC23DB10087512B /* PBXTargetDependency */,
			);
			fileSystemSynchronizedGroups = (
				33853A0B2DC23DB10087512B /* TermeetTests */,
			);
			name = TermeetTests;
			packageProductDependencies = (
			);
			productName = TermeetTests;
			productReference = 33853A082DC23DB10087512B /* TermeetTests.xctest */;
			productType = "com.apple.product-type.bundle.unit-test";
		};
		33853A112DC23DB20087512B /* TermeetUITests */ = {
			isa = PBXNativeTarget;
			buildConfigurationList = 33853A222DC23DB20087512B /* Build configuration list for PBXNativeTarget "TermeetUITests" */;
			buildPhases = (
				33853A0E2DC23DB20087512B /* Sources */,
				33853A0F2DC23DB20087512B /* Frameworks */,
				33853A102DC23DB20087512B /* Resources */,
			);
			buildRules = (
			);
			dependencies = (
				33853A142DC23DB20087512B /* PBXTargetDependency */,
			);
			fileSystemSynchronizedGroups = (
				33853A152DC23DB20087512B /* TermeetUITests */,
			);
			name = TermeetUITests;
			packageProductDependencies = (
			);
			productName = TermeetUITests;
			productReference = 33853A122DC23DB20087512B /* TermeetUITests.xctest */;
			productType = "com.apple.product-type.bundle.ui-testing";
		};
/* End PBXNativeTarget section */

/* Begin PBXProject section */
		338539F12DC23DAD0087512B /* Project object */ = {
			isa = PBXProject;
			attributes = {
				BuildIndependentTargetsInParallel = 1;
				LastSwiftUpdateCheck = 1630;
				LastUpgradeCheck = 1630;
				TargetAttributes = {
					338539F82DC23DAD0087512B = {
						CreatedOnToolsVersion = 16.3;
					};
					33853A072DC23DB10087512B = {
						CreatedOnToolsVersion = 16.3;
						TestTargetID = 338539F82DC23DAD0087512B;
					};
					33853A112DC23DB20087512B = {
						CreatedOnToolsVersion = 16.3;
						TestTargetID = 338539F82DC23DAD0087512B;
					};
				};
			};
			buildConfigurationList = 338539F42DC23DAD0087512B /* Build configuration list for PBXProject "Termeet" */;
			developmentRegion = en;
			hasScannedForEncodings = 0;
			knownRegions = (
				en,
				Base,
			);
			mainGroup = 338539F02DC23DAD0087512B;
			minimizedProjectReferenceProxies = 1;
			preferredProjectObjectVersion = 77;
			productRefGroup = 338539FA2DC23DAD0087512B /* Products */;
			projectDirPath = "";
			projectRoot = "";
			targets = (
				338539F82DC23DAD0087512B /* Termeet */,
				33853A072DC23DB10087512B /* TermeetTests */,
				33853A112DC23DB20087512B /* TermeetUITests */,
			);
		};
/* End PBXProject section */

/* Begin PBXResourcesBuildPhase section */
		338539F72DC23DAD0087512B /* Resources */ = {
			isa = PBXResourcesBuildPhase;
			buildActionMask = 2147483647;
			files = (
			);
			runOnlyForDeploymentPostprocessing = 0;
		};
		33853A062DC23DB10087512B /* Resources */ = {
			isa = PBXResourcesBuildPhase;
			buildActionMask = 2147483647;
			files = (
			);
			runOnlyForDeploymentPostprocessing = 0;
		};
		33853A102DC23DB20087512B /* Resources */ = {
			isa = PBXResourcesBuildPhase;
			buildActionMask = 2147483647;
			files = (
			);
			runOnlyForDeploymentPostprocessing = 0;
		};
/* End PBXResourcesBuildPhase section */

/* Begin PBXShellScriptBuildPhase section */
		33A50AB22DC2535900C7EC9F /* ShellScript */ = {
			isa = PBXShellScriptBuildPhase;
			alwaysOutOfDate = 1;
			buildActionMask = 2147483647;
			files = (
			);
			inputFileListPaths = (
			);
			inputPaths = (
			);
			outputFileListPaths = (
			);
			outputPaths = (
			);
			runOnlyForDeploymentPostprocessing = 0;
			shellPath = /bin/sh;
			shellScript = "if [[ \"$(uname -m)\" == arm64 ]]\nthen\n    export PATH=\"/opt/homebrew/bin:$PATH\"\nfi\n\nif command -v swiftlint >/dev/null 2>&1\nthen\n    swiftlint\nelse\n    echo \"warning: `swiftlint` command not found - See https://github.com/realm/SwiftLint#installation for installation instructions.\"\nfi\n";
		};
/* End PBXShellScriptBuildPhase section */

/* Begin PBXSourcesBuildPhase section */
		338539F52DC23DAD0087512B /* Sources */ = {
			isa = PBXSourcesBuildPhase;
			buildActionMask = 2147483647;
			files = (
				E45585482DE4FC2500D66640 /* Documentation.docc in Sources */,
			);
			runOnlyForDeploymentPostprocessing = 0;
		};
		33853A042DC23DB10087512B /* Sources */ = {
			isa = PBXSourcesBuildPhase;
			buildActionMask = 2147483647;
			files = (
			);
			runOnlyForDeploymentPostprocessing = 0;
		};
		33853A0E2DC23DB20087512B /* Sources */ = {
			isa = PBXSourcesBuildPhase;
			buildActionMask = 2147483647;
			files = (
			);
			runOnlyForDeploymentPostprocessing = 0;
		};
/* End PBXSourcesBuildPhase section */

/* Begin PBXTargetDependency section */
		33853A0A2DC23DB10087512B /* PBXTargetDependency */ = {
			isa = PBXTargetDependency;
			target = 338539F82DC23DAD0087512B /* Termeet */;
			targetProxy = 33853A092DC23DB10087512B /* PBXContainerItemProxy */;
		};
		33853A142DC23DB20087512B /* PBXTargetDependency */ = {
			isa = PBXTargetDependency;
			target = 338539F82DC23DAD0087512B /* Termeet */;
			targetProxy = 33853A132DC23DB20087512B /* PBXContainerItemProxy */;
		};
/* End PBXTargetDependency section */

/* Begin XCBuildConfiguration section */
		33853A1A2DC23DB20087512B /* Debug */ = {
			isa = XCBuildConfiguration;
			buildSettings = {
				ALWAYS_SEARCH_USER_PATHS = NO;
				ASSETCATALOG_COMPILER_GENERATE_SWIFT_ASSET_SYMBOL_EXTENSIONS = YES;
				CLANG_ANALYZER_NONNULL = YES;
				CLANG_ANALYZER_NUMBER_OBJECT_CONVERSION = YES_AGGRESSIVE;
				CLANG_CXX_LANGUAGE_STANDARD = "gnu++20";
				CLANG_ENABLE_MODULES = YES;
				CLANG_ENABLE_OBJC_ARC = YES;
				CLANG_ENABLE_OBJC_WEAK = YES;
				CLANG_WARN_BLOCK_CAPTURE_AUTORELEASING = YES;
				CLANG_WARN_BOOL_CONVERSION = YES;
				CLANG_WARN_COMMA = YES;
				CLANG_WARN_CONSTANT_CONVERSION = YES;
				CLANG_WARN_DEPRECATED_OBJC_IMPLEMENTATIONS = YES;
				CLANG_WARN_DIRECT_OBJC_ISA_USAGE = YES_ERROR;
				CLANG_WARN_DOCUMENTATION_COMMENTS = YES;
				CLANG_WARN_EMPTY_BODY = YES;
				CLANG_WARN_ENUM_CONVERSION = YES;
				CLANG_WARN_INFINITE_RECURSION = YES;
				CLANG_WARN_INT_CONVERSION = YES;
				CLANG_WARN_NON_LITERAL_NULL_CONVERSION = YES;
				CLANG_WARN_OBJC_IMPLICIT_RETAIN_SELF = YES;
				CLANG_WARN_OBJC_LITERAL_CONVERSION = YES;
				CLANG_WARN_OBJC_ROOT_CLASS = YES_ERROR;
				CLANG_WARN_QUOTED_INCLUDE_IN_FRAMEWORK_HEADER = YES;
				CLANG_WARN_RANGE_LOOP_ANALYSIS = YES;
				CLANG_WARN_STRICT_PROTOTYPES = YES;
				CLANG_WARN_SUSPICIOUS_MOVE = YES;
				CLANG_WARN_UNGUARDED_AVAILABILITY = YES_AGGRESSIVE;
				CLANG_WARN_UNREACHABLE_CODE = YES;
				CLANG_WARN__DUPLICATE_METHOD_MATCH = YES;
				COPY_PHASE_STRIP = NO;
				DEBUG_INFORMATION_FORMAT = dwarf;
				DEVELOPMENT_TEAM = 3NVJWV3AU7;
				ENABLE_STRICT_OBJC_MSGSEND = YES;
				ENABLE_TESTABILITY = YES;
				ENABLE_USER_SCRIPT_SANDBOXING = YES;
				GCC_C_LANGUAGE_STANDARD = gnu17;
				GCC_DYNAMIC_NO_PIC = NO;
				GCC_NO_COMMON_BLOCKS = YES;
				GCC_OPTIMIZATION_LEVEL = 0;
				GCC_PREPROCESSOR_DEFINITIONS = (
					"DEBUG=1",
					"$(inherited)",
				);
				GCC_WARN_64_TO_32_BIT_CONVERSION = YES;
				GCC_WARN_ABOUT_RETURN_TYPE = YES_ERROR;
				GCC_WARN_UNDECLARED_SELECTOR = YES;
				GCC_WARN_UNINITIALIZED_AUTOS = YES_AGGRESSIVE;
				GCC_WARN_UNUSED_FUNCTION = YES;
				GCC_WARN_UNUSED_VARIABLE = YES;
				IPHONEOS_DEPLOYMENT_TARGET = 18.4;
				LOCALIZATION_PREFERS_STRING_CATALOGS = YES;
				MTL_ENABLE_DEBUG_INFO = INCLUDE_SOURCE;
				MTL_FAST_MATH = YES;
				ONLY_ACTIVE_ARCH = YES;
				SDKROOT = iphoneos;
				SWIFT_ACTIVE_COMPILATION_CONDITIONS = "DEBUG $(inherited)";
				SWIFT_OPTIMIZATION_LEVEL = "-Onone";
			};
			name = Debug;
		};
		33853A1B2DC23DB20087512B /* Release */ = {
			isa = XCBuildConfiguration;
			buildSettings = {
				ALWAYS_SEARCH_USER_PATHS = NO;
				ASSETCATALOG_COMPILER_GENERATE_SWIFT_ASSET_SYMBOL_EXTENSIONS = YES;
				CLANG_ANALYZER_NONNULL = YES;
				CLANG_ANALYZER_NUMBER_OBJECT_CONVERSION = YES_AGGRESSIVE;
				CLANG_CXX_LANGUAGE_STANDARD = "gnu++20";
				CLANG_ENABLE_MODULES = YES;
				CLANG_ENABLE_OBJC_ARC = YES;
				CLANG_ENABLE_OBJC_WEAK = YES;
				CLANG_WARN_BLOCK_CAPTURE_AUTORELEASING = YES;
				CLANG_WARN_BOOL_CONVERSION = YES;
				CLANG_WARN_COMMA = YES;
				CLANG_WARN_CONSTANT_CONVERSION = YES;
				CLANG_WARN_DEPRECATED_OBJC_IMPLEMENTATIONS = YES;
				CLANG_WARN_DIRECT_OBJC_ISA_USAGE = YES_ERROR;
				CLANG_WARN_DOCUMENTATION_COMMENTS = YES;
				CLANG_WARN_EMPTY_BODY = YES;
				CLANG_WARN_ENUM_CONVERSION = YES;
				CLANG_WARN_INFINITE_RECURSION = YES;
				CLANG_WARN_INT_CONVERSION = YES;
				CLANG_WARN_NON_LITERAL_NULL_CONVERSION = YES;
				CLANG_WARN_OBJC_IMPLICIT_RETAIN_SELF = YES;
				CLANG_WARN_OBJC_LITERAL_CONVERSION = YES;
				CLANG_WARN_OBJC_ROOT_CLASS = YES_ERROR;
				CLANG_WARN_QUOTED_INCLUDE_IN_FRAMEWORK_HEADER = YES;
				CLANG_WARN_RANGE_LOOP_ANALYSIS = YES;
				CLANG_WARN_STRICT_PROTOTYPES = YES;
				CLANG_WARN_SUSPICIOUS_MOVE = YES;
				CLANG_WARN_UNGUARDED_AVAILABILITY = YES_AGGRESSIVE;
				CLANG_WARN_UNREACHABLE_CODE = YES;
				CLANG_WARN__DUPLICATE_METHOD_MATCH = YES;
				COPY_PHASE_STRIP = NO;
				DEBUG_INFORMATION_FORMAT = "dwarf-with-dsym";
				DEVELOPMENT_TEAM = 3NVJWV3AU7;
				ENABLE_NS_ASSERTIONS = NO;
				ENABLE_STRICT_OBJC_MSGSEND = YES;
				ENABLE_USER_SCRIPT_SANDBOXING = YES;
				GCC_C_LANGUAGE_STANDARD = gnu17;
				GCC_NO_COMMON_BLOCKS = YES;
				GCC_WARN_64_TO_32_BIT_CONVERSION = YES;
				GCC_WARN_ABOUT_RETURN_TYPE = YES_ERROR;
				GCC_WARN_UNDECLARED_SELECTOR = YES;
				GCC_WARN_UNINITIALIZED_AUTOS = YES_AGGRESSIVE;
				GCC_WARN_UNUSED_FUNCTION = YES;
				GCC_WARN_UNUSED_VARIABLE = YES;
				IPHONEOS_DEPLOYMENT_TARGET = 18.4;
				LOCALIZATION_PREFERS_STRING_CATALOGS = YES;
				MTL_ENABLE_DEBUG_INFO = NO;
				MTL_FAST_MATH = YES;
				SDKROOT = iphoneos;
				SWIFT_COMPILATION_MODE = wholemodule;
				VALIDATE_PRODUCT = YES;
			};
			name = Release;
		};
		33853A1D2DC23DB20087512B /* Debug */ = {
			isa = XCBuildConfiguration;
			buildSettings = {
				ASSETCATALOG_COMPILER_APPICON_NAME = AppIcon;
				ASSETCATALOG_COMPILER_GLOBAL_ACCENT_COLOR_NAME = AccentColor;
				CODE_SIGN_STYLE = Automatic;
				CURRENT_PROJECT_VERSION = 1;
				DEVELOPMENT_TEAM = BUK8VS7CA6;
				ENABLE_PREVIEWS = YES;
				ENABLE_USER_SCRIPT_SANDBOXING = NO;
				GENERATE_INFOPLIST_FILE = YES;
				INFOPLIST_KEY_UIApplicationSceneManifest_Generation = YES;
				INFOPLIST_KEY_UIApplicationSupportsIndirectInputEvents = YES;
				INFOPLIST_KEY_UILaunchScreen_Generation = YES;
				INFOPLIST_KEY_UISupportedInterfaceOrientations_iPad = "UIInterfaceOrientationPortrait UIInterfaceOrientationPortraitUpsideDown UIInterfaceOrientationLandscapeLeft UIInterfaceOrientationLandscapeRight";
				INFOPLIST_KEY_UISupportedInterfaceOrientations_iPhone = "UIInterfaceOrientationPortrait UIInterfaceOrientationLandscapeLeft UIInterfaceOrientationLandscapeRight";
				IPHONEOS_DEPLOYMENT_TARGET = 16.6;
				LD_RUNPATH_SEARCH_PATHS = (
					"$(inherited)",
					"@executable_path/Frameworks",
				);
				MARKETING_VERSION = 1.0;
				PRODUCT_BUNDLE_IDENTIFIER = "styleru.Termeet-";
				PRODUCT_NAME = "$(TARGET_NAME)";
				SWIFT_EMIT_LOC_STRINGS = YES;
				SWIFT_VERSION = 5.0;
				TARGETED_DEVICE_FAMILY = "1,2";
			};
			name = Debug;
		};
		33853A1E2DC23DB20087512B /* Release */ = {
			isa = XCBuildConfiguration;
			buildSettings = {
				ASSETCATALOG_COMPILER_APPICON_NAME = AppIcon;
				ASSETCATALOG_COMPILER_GLOBAL_ACCENT_COLOR_NAME = AccentColor;
				CODE_SIGN_STYLE = Automatic;
				CURRENT_PROJECT_VERSION = 1;
				DEVELOPMENT_TEAM = BUK8VS7CA6;
				ENABLE_PREVIEWS = YES;
				ENABLE_USER_SCRIPT_SANDBOXING = NO;
				GENERATE_INFOPLIST_FILE = YES;
				INFOPLIST_KEY_UIApplicationSceneManifest_Generation = YES;
				INFOPLIST_KEY_UIApplicationSupportsIndirectInputEvents = YES;
				INFOPLIST_KEY_UILaunchScreen_Generation = YES;
				INFOPLIST_KEY_UISupportedInterfaceOrientations_iPad = "UIInterfaceOrientationPortrait UIInterfaceOrientationPortraitUpsideDown UIInterfaceOrientationLandscapeLeft UIInterfaceOrientationLandscapeRight";
				INFOPLIST_KEY_UISupportedInterfaceOrientations_iPhone = "UIInterfaceOrientationPortrait UIInterfaceOrientationLandscapeLeft UIInterfaceOrientationLandscapeRight";
				IPHONEOS_DEPLOYMENT_TARGET = 16.6;
				LD_RUNPATH_SEARCH_PATHS = (
					"$(inherited)",
					"@executable_path/Frameworks",
				);
				MARKETING_VERSION = 1.0;
				PRODUCT_BUNDLE_IDENTIFIER = "styleru.Termeet-";
				PRODUCT_NAME = "$(TARGET_NAME)";
				SWIFT_EMIT_LOC_STRINGS = YES;
				SWIFT_VERSION = 5.0;
				TARGETED_DEVICE_FAMILY = "1,2";
			};
			name = Release;
		};
		33853A202DC23DB20087512B /* Debug */ = {
			isa = XCBuildConfiguration;
			buildSettings = {
				BUNDLE_LOADER = "$(TEST_HOST)";
				CODE_SIGN_STYLE = Automatic;
				CURRENT_PROJECT_VERSION = 1;
				DEVELOPMENT_TEAM = 3NVJWV3AU7;
				GENERATE_INFOPLIST_FILE = YES;
				IPHONEOS_DEPLOYMENT_TARGET = 18.4;
				MARKETING_VERSION = 1.0;
				PRODUCT_BUNDLE_IDENTIFIER = styleru.TermeetTests;
				PRODUCT_NAME = "$(TARGET_NAME)";
				SWIFT_EMIT_LOC_STRINGS = NO;
				SWIFT_VERSION = 5.0;
				TARGETED_DEVICE_FAMILY = "1,2";
				TEST_HOST = "$(BUILT_PRODUCTS_DIR)/Termeet.app/$(BUNDLE_EXECUTABLE_FOLDER_PATH)/Termeet";
			};
			name = Debug;
		};
		33853A212DC23DB20087512B /* Release */ = {
			isa = XCBuildConfiguration;
			buildSettings = {
				BUNDLE_LOADER = "$(TEST_HOST)";
				CODE_SIGN_STYLE = Automatic;
				CURRENT_PROJECT_VERSION = 1;
				DEVELOPMENT_TEAM = 3NVJWV3AU7;
				GENERATE_INFOPLIST_FILE = YES;
				IPHONEOS_DEPLOYMENT_TARGET = 18.4;
				MARKETING_VERSION = 1.0;
				PRODUCT_BUNDLE_IDENTIFIER = styleru.TermeetTests;
				PRODUCT_NAME = "$(TARGET_NAME)";
				SWIFT_EMIT_LOC_STRINGS = NO;
				SWIFT_VERSION = 5.0;
				TARGETED_DEVICE_FAMILY = "1,2";
				TEST_HOST = "$(BUILT_PRODUCTS_DIR)/Termeet.app/$(BUNDLE_EXECUTABLE_FOLDER_PATH)/Termeet";
			};
			name = Release;
		};
		33853A232DC23DB20087512B /* Debug */ = {
			isa = XCBuildConfiguration;
			buildSettings = {
				CODE_SIGN_STYLE = Automatic;
				CURRENT_PROJECT_VERSION = 1;
				DEVELOPMENT_TEAM = 3NVJWV3AU7;
				GENERATE_INFOPLIST_FILE = YES;
				MARKETING_VERSION = 1.0;
				PRODUCT_BUNDLE_IDENTIFIER = styleru.TermeetUITests;
				PRODUCT_NAME = "$(TARGET_NAME)";
				SWIFT_EMIT_LOC_STRINGS = NO;
				SWIFT_VERSION = 5.0;
				TARGETED_DEVICE_FAMILY = "1,2";
				TEST_TARGET_NAME = Termeet;
			};
			name = Debug;
		};
		33853A242DC23DB20087512B /* Release */ = {
			isa = XCBuildConfiguration;
			buildSettings = {
				CODE_SIGN_STYLE = Automatic;
				CURRENT_PROJECT_VERSION = 1;
				DEVELOPMENT_TEAM = 3NVJWV3AU7;
				GENERATE_INFOPLIST_FILE = YES;
				MARKETING_VERSION = 1.0;
				PRODUCT_BUNDLE_IDENTIFIER = styleru.TermeetUITests;
				PRODUCT_NAME = "$(TARGET_NAME)";
				SWIFT_EMIT_LOC_STRINGS = NO;
				SWIFT_VERSION = 5.0;
				TARGETED_DEVICE_FAMILY = "1,2";
				TEST_TARGET_NAME = Termeet;
			};
			name = Release;
		};
/* End XCBuildConfiguration section */

/* Begin XCConfigurationList section */
		338539F42DC23DAD0087512B /* Build configuration list for PBXProject "Termeet" */ = {
			isa = XCConfigurationList;
			buildConfigurations = (
				33853A1A2DC23DB20087512B /* Debug */,
				33853A1B2DC23DB20087512B /* Release */,
			);
			defaultConfigurationIsVisible = 0;
			defaultConfigurationName = Release;
		};
		33853A1C2DC23DB20087512B /* Build configuration list for PBXNativeTarget "Termeet" */ = {
			isa = XCConfigurationList;
			buildConfigurations = (
				33853A1D2DC23DB20087512B /* Debug */,
				33853A1E2DC23DB20087512B /* Release */,
			);
			defaultConfigurationIsVisible = 0;
			defaultConfigurationName = Release;
		};
		33853A1F2DC23DB20087512B /* Build configuration list for PBXNativeTarget "TermeetTests" */ = {
			isa = XCConfigurationList;
			buildConfigurations = (
				33853A202DC23DB20087512B /* Debug */,
				33853A212DC23DB20087512B /* Release */,
			);
			defaultConfigurationIsVisible = 0;
			defaultConfigurationName = Release;
		};
		33853A222DC23DB20087512B /* Build configuration list for PBXNativeTarget "TermeetUITests" */ = {
			isa = XCConfigurationList;
			buildConfigurations = (
				33853A232DC23DB20087512B /* Debug */,
				33853A242DC23DB20087512B /* Release */,
			);
			defaultConfigurationIsVisible = 0;
			defaultConfigurationName = Release;
		};
/* End XCConfigurationList section */
	};
	rootObject = 338539F12DC23DAD0087512B /* Project object */;
}
